
Microsoft Visual Studio Solution File, Format Version 12.00
# Visual Studio Version 17
VisualStudioVersion = 17.8.34309.116
MinimumVisualStudioVersion = 10.0.40219.1
Project("{FAE04EC0-301F-11D3-BF4B-00C04F79EFBC}") = "Lab4.5", "Lab4.5\Lab4.5.csproj", "{DC232399-8F1B-483E-AA41-D6C0D6685551}"
EndProject
Project("{FAE04EC0-301F-11D3-BF4B-00C04F79EFBC}") = "ConverterTest", "ConverterTest\ConverterTest.csproj", "{743AE5AC-BD6E-492D-A3D5-031F2517011B}"
EndProject
Global
	GlobalSection(SolutionConfigurationPlatforms) = preSolution
		Debug|Any CPU = Debug|Any CPU
		Release|Any CPU = Release|Any CPU
	EndGlobalSection
	GlobalSection(ProjectConfigurationPlatforms) = postSolution
		{DC232399-8F1B-483E-AA41-D6C0D6685551}.Debug|Any CPU.ActiveCfg = Debug|Any CPU
		{DC232399-8F1B-483E-AA41-D6C0D6685551}.Debug|Any CPU.Build.0 = Debug|Any CPU
		{DC232399-8F1B-483E-AA41-D6C0D6685551}.Release|Any CPU.ActiveCfg = Release|Any CPU
		{DC232399-8F1B-483E-AA41-D6C0D6685551}.Release|Any CPU.Build.0 = Release|Any CPU
		{743AE5AC-BD6E-492D-A3D5-031F2517011B}.Debug|Any CPU.ActiveCfg = Debug|Any CPU
		{743AE5AC-BD6E-492D-A3D5-031F2517011B}.Debug|Any CPU.Build.0 = Debug|Any CPU
		{743AE5AC-BD6E-492D-A3D5-031F2517011B}.Release|Any CPU.ActiveCfg = Release|Any CPU
		{743AE5AC-BD6E-492D-A3D5-031F2517011B}.Release|Any CPU.Build.0 = Release|Any CPU
	EndGlobalSection
	GlobalSection(SolutionProperties) = preSolution
		HideSolutionNode = FALSE
	EndGlobalSection
	GlobalSection(ExtensibilityGlobals) = postSolution
		SolutionGuid = {8938AB97-EB0B-4533-81DC-85CA72014B28}
	EndGlobalSection
EndGlobal
